// !$*UTF8*$!
{
	archiveVersion = 1;
	classes = {
	};
	objectVersion = 46;
	objects = {

/* Begin PBXBuildFile section */
		4869F183184FC4CC00251ADC /* CCHNearCenterMapClusterer.m in Sources */ = {isa = PBXBuildFile; fileRef = 4869F182184FC4CC00251ADC /* CCHNearCenterMapClusterer.m */; };
		4869F186184FD5F100251ADC /* CCHCenterOfMassMapClusterer.m in Sources */ = {isa = PBXBuildFile; fileRef = 4869F185184FD5F100251ADC /* CCHCenterOfMassMapClusterer.m */; };
		4869F19D1853AA6300251ADC /* CCHFadeInOutMapAnimator.m in Sources */ = {isa = PBXBuildFile; fileRef = 4869F19B18536E6700251ADC /* CCHFadeInOutMapAnimator.m */; };
		48899955185CE2B000F3D6ED /* QNode.m in Sources */ = {isa = PBXBuildFile; fileRef = 4889994D185CE2B000F3D6ED /* QNode.m */; };
		48899956185CE2B000F3D6ED /* QTree.m in Sources */ = {isa = PBXBuildFile; fileRef = 48899950185CE2B000F3D6ED /* QTree.m */; };
		48899957185CE2B000F3D6ED /* QTreeGeometryUtils.m in Sources */ = {isa = PBXBuildFile; fileRef = 48899952185CE2B000F3D6ED /* QTreeGeometryUtils.m */; };
		4889995A185D175000F3D6ED /* QCluster.m in Sources */ = {isa = PBXBuildFile; fileRef = 48899959185D175000F3D6ED /* QCluster.m */; };
		4889995D185D1C1300F3D6ED /* CCHMapTree.m in Sources */ = {isa = PBXBuildFile; fileRef = 4889995C185D1C1300F3D6ED /* CCHMapTree.m */; };
		48899966185E398700F3D6ED /* CCHMapTreeUtils.m in Sources */ = {isa = PBXBuildFile; fileRef = 48899965185E398700F3D6ED /* CCHMapTreeUtils.m */; };
		48C419A81873069D00AFA345 /* USA-HotelMotel.csv in Resources */ = {isa = PBXBuildFile; fileRef = 48C419A71873069D00AFA345 /* USA-HotelMotel.csv */; };
		48C419AA187306D900AFA345 /* Berlin-Data.json in Resources */ = {isa = PBXBuildFile; fileRef = 48C419A9187306D900AFA345 /* Berlin-Data.json */; };
		48D7B0C8185A679F0071636B /* KPAnnotationTree.m in Sources */ = {isa = PBXBuildFile; fileRef = 48D7B0C0185A679F0071636B /* KPAnnotationTree.m */; };
		48D7B0CA185A679F0071636B /* KPTreeNode.m in Sources */ = {isa = PBXBuildFile; fileRef = 48D7B0C4185A679F0071636B /* KPTreeNode.m */; };
		48D7B0CF185BA3750071636B /* TBQuadTree.m in Sources */ = {isa = PBXBuildFile; fileRef = 48D7B0CE185BA3750071636B /* TBQuadTree.m */; };
		6217D6EF18BDD97400CDB8C3 /* CCHCenterOfMassMapClustererTests.m in Sources */ = {isa = PBXBuildFile; fileRef = 6217D6E518BDD97400CDB8C3 /* CCHCenterOfMassMapClustererTests.m */; };
		6217D6F018BDD97400CDB8C3 /* CCHFadeInOutMapAnimatorTests.m in Sources */ = {isa = PBXBuildFile; fileRef = 6217D6E618BDD97400CDB8C3 /* CCHFadeInOutMapAnimatorTests.m */; };
		6217D6F118BDD97400CDB8C3 /* CCHMapClusterAnnotationTests.m in Sources */ = {isa = PBXBuildFile; fileRef = 6217D6E718BDD97400CDB8C3 /* CCHMapClusterAnnotationTests.m */; };
		6217D6F218BDD97400CDB8C3 /* CCHMapClusterControllerPerformanceTests.m in Sources */ = {isa = PBXBuildFile; fileRef = 6217D6E818BDD97400CDB8C3 /* CCHMapClusterControllerPerformanceTests.m */; };
		6217D6F318BDD97400CDB8C3 /* CCHMapClusterControllerTests.m in Sources */ = {isa = PBXBuildFile; fileRef = 6217D6E918BDD97400CDB8C3 /* CCHMapClusterControllerTests.m */; };
		6217D6F418BDD97400CDB8C3 /* CCHMapClusterControllerUtilsTests.m in Sources */ = {isa = PBXBuildFile; fileRef = 6217D6EA18BDD97400CDB8C3 /* CCHMapClusterControllerUtilsTests.m */; };
		6217D6F518BDD97400CDB8C3 /* CCHMapTreeTests.m in Sources */ = {isa = PBXBuildFile; fileRef = 6217D6EB18BDD97400CDB8C3 /* CCHMapTreeTests.m */; };
		6217D6F618BDD97400CDB8C3 /* CCHMapViewDelegateProxyTests.m in Sources */ = {isa = PBXBuildFile; fileRef = 6217D6EC18BDD97400CDB8C3 /* CCHMapViewDelegateProxyTests.m */; };
		6217D6F718BDD97400CDB8C3 /* CCHMapViewDelegateProxyOverlayTests.m in Sources */ = {isa = PBXBuildFile; fileRef = 6217D6ED18BDD97400CDB8C3 /* CCHMapViewDelegateProxyOverlayTests.m */; };
		6217D6F818BDD97400CDB8C3 /* CCHNearCenterMapClustererTests.m in Sources */ = {isa = PBXBuildFile; fileRef = 6217D6EE18BDD97400CDB8C3 /* CCHNearCenterMapClustererTests.m */; };
		621834EA18A576C5000210AF /* SettingsViewController.m in Sources */ = {isa = PBXBuildFile; fileRef = 621834E918A576C5000210AF /* SettingsViewController.m */; };
		621834ED18A6AD25000210AF /* Settings.m in Sources */ = {isa = PBXBuildFile; fileRef = 621834EC18A6AD25000210AF /* Settings.m */; };
		6222E32918BA61290045A528 /* CCHMapClusterControllerDebugPolygon.m in Sources */ = {isa = PBXBuildFile; fileRef = 6222E32818BA61290045A528 /* CCHMapClusterControllerDebugPolygon.m */; };
		6284D0191C288C3F00EFCA2E /* Launch Screen.storyboard in Resources */ = {isa = PBXBuildFile; fileRef = 6284D0181C288C3F00EFCA2E /* Launch Screen.storyboard */; };
		62C49A7818E75033000BC5CD /* CCHMapClusterOperation.m in Sources */ = {isa = PBXBuildFile; fileRef = 62C49A7718E75033000BC5CD /* CCHMapClusterOperation.m */; };
		62D667831845E0F20046D5D5 /* Foundation.framework in Frameworks */ = {isa = PBXBuildFile; fileRef = 62D667821845E0F20046D5D5 /* Foundation.framework */; };
		62D667851845E0F20046D5D5 /* CoreGraphics.framework in Frameworks */ = {isa = PBXBuildFile; fileRef = 62D667841845E0F20046D5D5 /* CoreGraphics.framework */; };
		62D667871845E0F20046D5D5 /* UIKit.framework in Frameworks */ = {isa = PBXBuildFile; fileRef = 62D667861845E0F20046D5D5 /* UIKit.framework */; };
		62D6678D1845E0F20046D5D5 /* InfoPlist.strings in Resources */ = {isa = PBXBuildFile; fileRef = 62D6678B1845E0F20046D5D5 /* InfoPlist.strings */; };
		62D6678F1845E0F20046D5D5 /* main.m in Sources */ = {isa = PBXBuildFile; fileRef = 62D6678E1845E0F20046D5D5 /* main.m */; };
		62D667931845E0F20046D5D5 /* AppDelegate.m in Sources */ = {isa = PBXBuildFile; fileRef = 62D667921845E0F20046D5D5 /* AppDelegate.m */; };
		62D667961845E0F20046D5D5 /* Main.storyboard in Resources */ = {isa = PBXBuildFile; fileRef = 62D667941845E0F20046D5D5 /* Main.storyboard */; };
		62D667991845E0F20046D5D5 /* MapViewController.m in Sources */ = {isa = PBXBuildFile; fileRef = 62D667981845E0F20046D5D5 /* MapViewController.m */; };
		62D6679B1845E0F20046D5D5 /* Images.xcassets in Resources */ = {isa = PBXBuildFile; fileRef = 62D6679A1845E0F20046D5D5 /* Images.xcassets */; };
		62D667A21845E0F20046D5D5 /* XCTest.framework in Frameworks */ = {isa = PBXBuildFile; fileRef = 62D667A11845E0F20046D5D5 /* XCTest.framework */; };
		62D667A31845E0F20046D5D5 /* Foundation.framework in Frameworks */ = {isa = PBXBuildFile; fileRef = 62D667821845E0F20046D5D5 /* Foundation.framework */; };
		62D667A41845E0F20046D5D5 /* UIKit.framework in Frameworks */ = {isa = PBXBuildFile; fileRef = 62D667861845E0F20046D5D5 /* UIKit.framework */; };
		62D667AC1845E0F20046D5D5 /* InfoPlist.strings in Resources */ = {isa = PBXBuildFile; fileRef = 62D667AA1845E0F20046D5D5 /* InfoPlist.strings */; };
		62D667B81845F6D70046D5D5 /* MapKit.framework in Frameworks */ = {isa = PBXBuildFile; fileRef = 62D667B71845F6D70046D5D5 /* MapKit.framework */; };
		62D667C11845F76F0046D5D5 /* DataReader.m in Sources */ = {isa = PBXBuildFile; fileRef = 62D667BD1845F76F0046D5D5 /* DataReader.m */; };
		62D667CE1845F8A40046D5D5 /* CCHMapClusterAnnotation.m in Sources */ = {isa = PBXBuildFile; fileRef = 62D667C61845F8A40046D5D5 /* CCHMapClusterAnnotation.m */; };
		62D667D01845F8A40046D5D5 /* CCHMapClusterController.m in Sources */ = {isa = PBXBuildFile; fileRef = 62D667C81845F8A40046D5D5 /* CCHMapClusterController.m */; };
		62D667D21845F8A40046D5D5 /* CCHMapClusterControllerUtils.m in Sources */ = {isa = PBXBuildFile; fileRef = 62D667CB1845F8A40046D5D5 /* CCHMapClusterControllerUtils.m */; };
		62D667D41845F8A40046D5D5 /* CCHMapViewDelegateProxy.m in Sources */ = {isa = PBXBuildFile; fileRef = 62D667CD1845F8A40046D5D5 /* CCHMapViewDelegateProxy.m */; };
		62D71E11187EB45500E52EE3 /* ClusterAnnotationView.m in Sources */ = {isa = PBXBuildFile; fileRef = 62D71E10187EB45500E52EE3 /* ClusterAnnotationView.m */; };
/* End PBXBuildFile section */

/* Begin PBXContainerItemProxy section */
		62D667A51845E0F20046D5D5 /* PBXContainerItemProxy */ = {
			isa = PBXContainerItemProxy;
			containerPortal = 62D667771845E0F20046D5D5 /* Project object */;
			proxyType = 1;
			remoteGlobalIDString = 62D6677E1845E0F20046D5D5;
			remoteInfo = "CCHMapClusterController Example iOS";
		};
/* End PBXContainerItemProxy section */

/* Begin PBXFileReference section */
		4869F180184FC1E700251ADC /* CCHMapClusterer.h */ = {isa = PBXFileReference; lastKnownFileType = sourcecode.c.h; path = CCHMapClusterer.h; sourceTree = "<group>"; };
		4869F181184FC4CC00251ADC /* CCHNearCenterMapClusterer.h */ = {isa = PBXFileReference; fileEncoding = 4; lastKnownFileType = sourcecode.c.h; path = CCHNearCenterMapClusterer.h; sourceTree = "<group>"; };
		4869F182184FC4CC00251ADC /* CCHNearCenterMapClusterer.m */ = {isa = PBXFileReference; fileEncoding = 4; lastKnownFileType = sourcecode.c.objc; path = CCHNearCenterMapClusterer.m; sourceTree = "<group>"; };
		4869F184184FD5F000251ADC /* CCHCenterOfMassMapClusterer.h */ = {isa = PBXFileReference; fileEncoding = 4; lastKnownFileType = sourcecode.c.h; path = CCHCenterOfMassMapClusterer.h; sourceTree = "<group>"; };
		4869F185184FD5F100251ADC /* CCHCenterOfMassMapClusterer.m */ = {isa = PBXFileReference; fileEncoding = 4; lastKnownFileType = sourcecode.c.objc; path = CCHCenterOfMassMapClusterer.m; sourceTree = "<group>"; };
		4869F19918536E3000251ADC /* CCHMapAnimator.h */ = {isa = PBXFileReference; lastKnownFileType = sourcecode.c.h; path = CCHMapAnimator.h; sourceTree = "<group>"; };
		4869F19A18536E6700251ADC /* CCHFadeInOutMapAnimator.h */ = {isa = PBXFileReference; fileEncoding = 4; lastKnownFileType = sourcecode.c.h; path = CCHFadeInOutMapAnimator.h; sourceTree = "<group>"; };
		4869F19B18536E6700251ADC /* CCHFadeInOutMapAnimator.m */ = {isa = PBXFileReference; fileEncoding = 4; lastKnownFileType = sourcecode.c.objc; path = CCHFadeInOutMapAnimator.m; sourceTree = "<group>"; };
		4889994C185CE2B000F3D6ED /* QNode.h */ = {isa = PBXFileReference; fileEncoding = 4; lastKnownFileType = sourcecode.c.h; path = QNode.h; sourceTree = "<group>"; };
		4889994D185CE2B000F3D6ED /* QNode.m */ = {isa = PBXFileReference; fileEncoding = 4; lastKnownFileType = sourcecode.c.objc; path = QNode.m; sourceTree = "<group>"; };
		4889994F185CE2B000F3D6ED /* QTree.h */ = {isa = PBXFileReference; fileEncoding = 4; lastKnownFileType = sourcecode.c.h; path = QTree.h; sourceTree = "<group>"; };
		48899950185CE2B000F3D6ED /* QTree.m */ = {isa = PBXFileReference; fileEncoding = 4; lastKnownFileType = sourcecode.c.objc; path = QTree.m; sourceTree = "<group>"; };
		48899951185CE2B000F3D6ED /* QTreeGeometryUtils.h */ = {isa = PBXFileReference; fileEncoding = 4; lastKnownFileType = sourcecode.c.h; path = QTreeGeometryUtils.h; sourceTree = "<group>"; };
		48899952185CE2B000F3D6ED /* QTreeGeometryUtils.m */ = {isa = PBXFileReference; fileEncoding = 4; lastKnownFileType = sourcecode.c.objc; path = QTreeGeometryUtils.m; sourceTree = "<group>"; };
		48899953185CE2B000F3D6ED /* QTreeInsertable.h */ = {isa = PBXFileReference; fileEncoding = 4; lastKnownFileType = sourcecode.c.h; path = QTreeInsertable.h; sourceTree = "<group>"; };
		48899958185D175000F3D6ED /* QCluster.h */ = {isa = PBXFileReference; fileEncoding = 4; lastKnownFileType = sourcecode.c.h; path = QCluster.h; sourceTree = "<group>"; };
		48899959185D175000F3D6ED /* QCluster.m */ = {isa = PBXFileReference; fileEncoding = 4; lastKnownFileType = sourcecode.c.objc; path = QCluster.m; sourceTree = "<group>"; };
		4889995B185D1C1300F3D6ED /* CCHMapTree.h */ = {isa = PBXFileReference; fileEncoding = 4; lastKnownFileType = sourcecode.c.h; path = CCHMapTree.h; sourceTree = "<group>"; };
		4889995C185D1C1300F3D6ED /* CCHMapTree.m */ = {isa = PBXFileReference; fileEncoding = 4; lastKnownFileType = sourcecode.c.objc; path = CCHMapTree.m; sourceTree = "<group>"; };
		48899964185E398700F3D6ED /* CCHMapTreeUtils.h */ = {isa = PBXFileReference; fileEncoding = 4; lastKnownFileType = sourcecode.c.h; path = CCHMapTreeUtils.h; sourceTree = "<group>"; };
		48899965185E398700F3D6ED /* CCHMapTreeUtils.m */ = {isa = PBXFileReference; fileEncoding = 4; lastKnownFileType = sourcecode.c.objc; path = CCHMapTreeUtils.m; sourceTree = "<group>"; };
		48C419A71873069D00AFA345 /* USA-HotelMotel.csv */ = {isa = PBXFileReference; fileEncoding = 4; lastKnownFileType = text; name = "USA-HotelMotel.csv"; path = "../../USA-HotelMotel.csv"; sourceTree = "<group>"; };
		48C419A9187306D900AFA345 /* Berlin-Data.json */ = {isa = PBXFileReference; fileEncoding = 4; lastKnownFileType = text.json; name = "Berlin-Data.json"; path = "../../Berlin-Data.json"; sourceTree = "<group>"; };
		48D7B0BF185A679F0071636B /* KPAnnotationTree.h */ = {isa = PBXFileReference; fileEncoding = 4; lastKnownFileType = sourcecode.c.h; path = KPAnnotationTree.h; sourceTree = "<group>"; };
		48D7B0C0185A679F0071636B /* KPAnnotationTree.m */ = {isa = PBXFileReference; fileEncoding = 4; lastKnownFileType = sourcecode.c.objc; path = KPAnnotationTree.m; sourceTree = "<group>"; };
		48D7B0C3185A679F0071636B /* KPTreeNode.h */ = {isa = PBXFileReference; fileEncoding = 4; lastKnownFileType = sourcecode.c.h; path = KPTreeNode.h; sourceTree = "<group>"; };
		48D7B0C4185A679F0071636B /* KPTreeNode.m */ = {isa = PBXFileReference; fileEncoding = 4; lastKnownFileType = sourcecode.c.objc; path = KPTreeNode.m; sourceTree = "<group>"; };
		48D7B0CD185BA3750071636B /* TBQuadTree.h */ = {isa = PBXFileReference; fileEncoding = 4; lastKnownFileType = sourcecode.c.h; path = TBQuadTree.h; sourceTree = "<group>"; };
		48D7B0CE185BA3750071636B /* TBQuadTree.m */ = {isa = PBXFileReference; fileEncoding = 4; lastKnownFileType = sourcecode.c.objc; path = TBQuadTree.m; sourceTree = "<group>"; };
		6217D6E518BDD97400CDB8C3 /* CCHCenterOfMassMapClustererTests.m */ = {isa = PBXFileReference; fileEncoding = 4; lastKnownFileType = sourcecode.c.objc; name = CCHCenterOfMassMapClustererTests.m; path = "../../CCHMapClusterController Tests/CCHCenterOfMassMapClustererTests.m"; sourceTree = "<group>"; };
		6217D6E618BDD97400CDB8C3 /* CCHFadeInOutMapAnimatorTests.m */ = {isa = PBXFileReference; fileEncoding = 4; lastKnownFileType = sourcecode.c.objc; name = CCHFadeInOutMapAnimatorTests.m; path = "../../CCHMapClusterController Tests/CCHFadeInOutMapAnimatorTests.m"; sourceTree = "<group>"; };
		6217D6E718BDD97400CDB8C3 /* CCHMapClusterAnnotationTests.m */ = {isa = PBXFileReference; fileEncoding = 4; lastKnownFileType = sourcecode.c.objc; name = CCHMapClusterAnnotationTests.m; path = "../../CCHMapClusterController Tests/CCHMapClusterAnnotationTests.m"; sourceTree = "<group>"; };
		6217D6E818BDD97400CDB8C3 /* CCHMapClusterControllerPerformanceTests.m */ = {isa = PBXFileReference; fileEncoding = 4; lastKnownFileType = sourcecode.c.objc; name = CCHMapClusterControllerPerformanceTests.m; path = "../../CCHMapClusterController Tests/CCHMapClusterControllerPerformanceTests.m"; sourceTree = "<group>"; };
		6217D6E918BDD97400CDB8C3 /* CCHMapClusterControllerTests.m */ = {isa = PBXFileReference; fileEncoding = 4; lastKnownFileType = sourcecode.c.objc; name = CCHMapClusterControllerTests.m; path = "../../CCHMapClusterController Tests/CCHMapClusterControllerTests.m"; sourceTree = "<group>"; };
		6217D6EA18BDD97400CDB8C3 /* CCHMapClusterControllerUtilsTests.m */ = {isa = PBXFileReference; fileEncoding = 4; lastKnownFileType = sourcecode.c.objc; name = CCHMapClusterControllerUtilsTests.m; path = "../../CCHMapClusterController Tests/CCHMapClusterControllerUtilsTests.m"; sourceTree = "<group>"; };
		6217D6EB18BDD97400CDB8C3 /* CCHMapTreeTests.m */ = {isa = PBXFileReference; fileEncoding = 4; lastKnownFileType = sourcecode.c.objc; name = CCHMapTreeTests.m; path = "../../CCHMapClusterController Tests/CCHMapTreeTests.m"; sourceTree = "<group>"; };
		6217D6EC18BDD97400CDB8C3 /* CCHMapViewDelegateProxyTests.m */ = {isa = PBXFileReference; fileEncoding = 4; lastKnownFileType = sourcecode.c.objc; name = CCHMapViewDelegateProxyTests.m; path = "../../CCHMapClusterController Tests/CCHMapViewDelegateProxyTests.m"; sourceTree = "<group>"; };
		6217D6ED18BDD97400CDB8C3 /* CCHMapViewDelegateProxyOverlayTests.m */ = {isa = PBXFileReference; fileEncoding = 4; lastKnownFileType = sourcecode.c.objc; name = CCHMapViewDelegateProxyOverlayTests.m; path = "../../CCHMapClusterController Tests/CCHMapViewDelegateProxyOverlayTests.m"; sourceTree = "<group>"; };
		6217D6EE18BDD97400CDB8C3 /* CCHNearCenterMapClustererTests.m */ = {isa = PBXFileReference; fileEncoding = 4; lastKnownFileType = sourcecode.c.objc; name = CCHNearCenterMapClustererTests.m; path = "../../CCHMapClusterController Tests/CCHNearCenterMapClustererTests.m"; sourceTree = "<group>"; };
		621834E818A576C5000210AF /* SettingsViewController.h */ = {isa = PBXFileReference; fileEncoding = 4; lastKnownFileType = sourcecode.c.h; path = SettingsViewController.h; sourceTree = "<group>"; };
		621834E918A576C5000210AF /* SettingsViewController.m */ = {isa = PBXFileReference; fileEncoding = 4; lastKnownFileType = sourcecode.c.objc; path = SettingsViewController.m; sourceTree = "<group>"; };
		621834EB18A6AD25000210AF /* Settings.h */ = {isa = PBXFileReference; fileEncoding = 4; lastKnownFileType = sourcecode.c.h; path = Settings.h; sourceTree = "<group>"; };
		621834EC18A6AD25000210AF /* Settings.m */ = {isa = PBXFileReference; fileEncoding = 4; lastKnownFileType = sourcecode.c.objc; path = Settings.m; sourceTree = "<group>"; };
		6222E32718BA61290045A528 /* CCHMapClusterControllerDebugPolygon.h */ = {isa = PBXFileReference; fileEncoding = 4; lastKnownFileType = sourcecode.c.h; path = CCHMapClusterControllerDebugPolygon.h; sourceTree = "<group>"; };
		6222E32818BA61290045A528 /* CCHMapClusterControllerDebugPolygon.m */ = {isa = PBXFileReference; fileEncoding = 4; lastKnownFileType = sourcecode.c.objc; path = CCHMapClusterControllerDebugPolygon.m; sourceTree = "<group>"; };
		6284D0181C288C3F00EFCA2E /* Launch Screen.storyboard */ = {isa = PBXFileReference; fileEncoding = 4; lastKnownFileType = file.storyboard; path = "Launch Screen.storyboard"; sourceTree = "<group>"; };
		62C49A7618E75033000BC5CD /* CCHMapClusterOperation.h */ = {isa = PBXFileReference; fileEncoding = 4; lastKnownFileType = sourcecode.c.h; path = CCHMapClusterOperation.h; sourceTree = "<group>"; };
		62C49A7718E75033000BC5CD /* CCHMapClusterOperation.m */ = {isa = PBXFileReference; fileEncoding = 4; lastKnownFileType = sourcecode.c.objc; path = CCHMapClusterOperation.m; sourceTree = "<group>"; };
		62D6677F1845E0F20046D5D5 /* CCHMapClusterController Example iOS.app */ = {isa = PBXFileReference; explicitFileType = wrapper.application; includeInIndex = 0; path = "CCHMapClusterController Example iOS.app"; sourceTree = BUILT_PRODUCTS_DIR; };
		62D667821845E0F20046D5D5 /* Foundation.framework */ = {isa = PBXFileReference; lastKnownFileType = wrapper.framework; name = Foundation.framework; path = System/Library/Frameworks/Foundation.framework; sourceTree = SDKROOT; };
		62D667841845E0F20046D5D5 /* CoreGraphics.framework */ = {isa = PBXFileReference; lastKnownFileType = wrapper.framework; name = CoreGraphics.framework; path = System/Library/Frameworks/CoreGraphics.framework; sourceTree = SDKROOT; };
		62D667861845E0F20046D5D5 /* UIKit.framework */ = {isa = PBXFileReference; lastKnownFileType = wrapper.framework; name = UIKit.framework; path = System/Library/Frameworks/UIKit.framework; sourceTree = SDKROOT; };
		62D6678A1845E0F20046D5D5 /* CCHMapClusterController Example iOS-Info.plist */ = {isa = PBXFileReference; lastKnownFileType = text.plist.xml; path = "CCHMapClusterController Example iOS-Info.plist"; sourceTree = "<group>"; };
		62D6678C1845E0F20046D5D5 /* en */ = {isa = PBXFileReference; lastKnownFileType = text.plist.strings; name = en; path = en.lproj/InfoPlist.strings; sourceTree = "<group>"; };
		62D6678E1845E0F20046D5D5 /* main.m */ = {isa = PBXFileReference; lastKnownFileType = sourcecode.c.objc; path = main.m; sourceTree = "<group>"; };
		62D667901845E0F20046D5D5 /* CCHMapClusterController Example iOS-Prefix.pch */ = {isa = PBXFileReference; lastKnownFileType = sourcecode.c.h; path = "CCHMapClusterController Example iOS-Prefix.pch"; sourceTree = "<group>"; };
		62D667911845E0F20046D5D5 /* AppDelegate.h */ = {isa = PBXFileReference; lastKnownFileType = sourcecode.c.h; path = AppDelegate.h; sourceTree = "<group>"; };
		62D667921845E0F20046D5D5 /* AppDelegate.m */ = {isa = PBXFileReference; lastKnownFileType = sourcecode.c.objc; path = AppDelegate.m; sourceTree = "<group>"; };
		62D667951845E0F20046D5D5 /* Base */ = {isa = PBXFileReference; lastKnownFileType = file.storyboard; name = Base; path = Base.lproj/Main.storyboard; sourceTree = "<group>"; };
		62D667971845E0F20046D5D5 /* MapViewController.h */ = {isa = PBXFileReference; lastKnownFileType = sourcecode.c.h; path = MapViewController.h; sourceTree = "<group>"; };
		62D667981845E0F20046D5D5 /* MapViewController.m */ = {isa = PBXFileReference; lastKnownFileType = sourcecode.c.objc; path = MapViewController.m; sourceTree = "<group>"; };
		62D6679A1845E0F20046D5D5 /* Images.xcassets */ = {isa = PBXFileReference; lastKnownFileType = folder.assetcatalog; path = Images.xcassets; sourceTree = "<group>"; };
		62D667A01845E0F20046D5D5 /* CCHMapClusterController Example iOSTests.xctest */ = {isa = PBXFileReference; explicitFileType = wrapper.cfbundle; includeInIndex = 0; path = "CCHMapClusterController Example iOSTests.xctest"; sourceTree = BUILT_PRODUCTS_DIR; };
		62D667A11845E0F20046D5D5 /* XCTest.framework */ = {isa = PBXFileReference; lastKnownFileType = wrapper.framework; name = XCTest.framework; path = Library/Frameworks/XCTest.framework; sourceTree = DEVELOPER_DIR; };
		62D667A91845E0F20046D5D5 /* CCHMapClusterController Example iOSTests-Info.plist */ = {isa = PBXFileReference; lastKnownFileType = text.plist.xml; path = "CCHMapClusterController Example iOSTests-Info.plist"; sourceTree = "<group>"; };
		62D667AB1845E0F20046D5D5 /* en */ = {isa = PBXFileReference; lastKnownFileType = text.plist.strings; name = en; path = en.lproj/InfoPlist.strings; sourceTree = "<group>"; };
		62D667B71845F6D70046D5D5 /* MapKit.framework */ = {isa = PBXFileReference; lastKnownFileType = wrapper.framework; name = MapKit.framework; path = System/Library/Frameworks/MapKit.framework; sourceTree = SDKROOT; };
		62D667BC1845F76F0046D5D5 /* DataReader.h */ = {isa = PBXFileReference; fileEncoding = 4; lastKnownFileType = sourcecode.c.h; path = DataReader.h; sourceTree = "<group>"; };
		62D667BD1845F76F0046D5D5 /* DataReader.m */ = {isa = PBXFileReference; fileEncoding = 4; lastKnownFileType = sourcecode.c.objc; path = DataReader.m; sourceTree = "<group>"; };
		62D667BE1845F76F0046D5D5 /* DataReaderDelegate.h */ = {isa = PBXFileReference; fileEncoding = 4; lastKnownFileType = sourcecode.c.h; path = DataReaderDelegate.h; sourceTree = "<group>"; };
		62D667C51845F8A40046D5D5 /* CCHMapClusterAnnotation.h */ = {isa = PBXFileReference; fileEncoding = 4; lastKnownFileType = sourcecode.c.h; path = CCHMapClusterAnnotation.h; sourceTree = "<group>"; };
		62D667C61845F8A40046D5D5 /* CCHMapClusterAnnotation.m */ = {isa = PBXFileReference; fileEncoding = 4; lastKnownFileType = sourcecode.c.objc; path = CCHMapClusterAnnotation.m; sourceTree = "<group>"; };
		62D667C71845F8A40046D5D5 /* CCHMapClusterController.h */ = {isa = PBXFileReference; fileEncoding = 4; lastKnownFileType = sourcecode.c.h; path = CCHMapClusterController.h; sourceTree = "<group>"; };
		62D667C81845F8A40046D5D5 /* CCHMapClusterController.m */ = {isa = PBXFileReference; fileEncoding = 4; lastKnownFileType = sourcecode.c.objc; path = CCHMapClusterController.m; sourceTree = "<group>"; };
		62D667C91845F8A40046D5D5 /* CCHMapClusterControllerDelegate.h */ = {isa = PBXFileReference; fileEncoding = 4; lastKnownFileType = sourcecode.c.h; path = CCHMapClusterControllerDelegate.h; sourceTree = "<group>"; };
		62D667CA1845F8A40046D5D5 /* CCHMapClusterControllerUtils.h */ = {isa = PBXFileReference; fileEncoding = 4; lastKnownFileType = sourcecode.c.h; path = CCHMapClusterControllerUtils.h; sourceTree = "<group>"; };
		62D667CB1845F8A40046D5D5 /* CCHMapClusterControllerUtils.m */ = {isa = PBXFileReference; fileEncoding = 4; lastKnownFileType = sourcecode.c.objc; path = CCHMapClusterControllerUtils.m; sourceTree = "<group>"; };
		62D667CC1845F8A40046D5D5 /* CCHMapViewDelegateProxy.h */ = {isa = PBXFileReference; fileEncoding = 4; lastKnownFileType = sourcecode.c.h; path = CCHMapViewDelegateProxy.h; sourceTree = "<group>"; };
		62D667CD1845F8A40046D5D5 /* CCHMapViewDelegateProxy.m */ = {isa = PBXFileReference; fileEncoding = 4; lastKnownFileType = sourcecode.c.objc; path = CCHMapViewDelegateProxy.m; sourceTree = "<group>"; };
		62D71E0F187EB45500E52EE3 /* ClusterAnnotationView.h */ = {isa = PBXFileReference; fileEncoding = 4; lastKnownFileType = sourcecode.c.h; path = ClusterAnnotationView.h; sourceTree = "<group>"; };
		62D71E10187EB45500E52EE3 /* ClusterAnnotationView.m */ = {isa = PBXFileReference; fileEncoding = 4; lastKnownFileType = sourcecode.c.objc; path = ClusterAnnotationView.m; sourceTree = "<group>"; };
/* End PBXFileReference section */

/* Begin PBXFrameworksBuildPhase section */
		62D6677C1845E0F20046D5D5 /* Frameworks */ = {
			isa = PBXFrameworksBuildPhase;
			buildActionMask = 2147483647;
			files = (
				62D667B81845F6D70046D5D5 /* MapKit.framework in Frameworks */,
				62D667851845E0F20046D5D5 /* CoreGraphics.framework in Frameworks */,
				62D667871845E0F20046D5D5 /* UIKit.framework in Frameworks */,
				62D667831845E0F20046D5D5 /* Foundation.framework in Frameworks */,
			);
			runOnlyForDeploymentPostprocessing = 0;
		};
		62D6679D1845E0F20046D5D5 /* Frameworks */ = {
			isa = PBXFrameworksBuildPhase;
			buildActionMask = 2147483647;
			files = (
				62D667A21845E0F20046D5D5 /* XCTest.framework in Frameworks */,
				62D667A41845E0F20046D5D5 /* UIKit.framework in Frameworks */,
				62D667A31845E0F20046D5D5 /* Foundation.framework in Frameworks */,
			);
			runOnlyForDeploymentPostprocessing = 0;
		};
/* End PBXFrameworksBuildPhase section */

/* Begin PBXGroup section */
		48899949185CE2B000F3D6ED /* QTree */ = {
			isa = PBXGroup;
			children = (
				48899958185D175000F3D6ED /* QCluster.h */,
				48899959185D175000F3D6ED /* QCluster.m */,
				4889994C185CE2B000F3D6ED /* QNode.h */,
				4889994D185CE2B000F3D6ED /* QNode.m */,
				4889994F185CE2B000F3D6ED /* QTree.h */,
				48899950185CE2B000F3D6ED /* QTree.m */,
				48899951185CE2B000F3D6ED /* QTreeGeometryUtils.h */,
				48899952185CE2B000F3D6ED /* QTreeGeometryUtils.m */,
				48899953185CE2B000F3D6ED /* QTreeInsertable.h */,
			);
			name = QTree;
			path = "../../CCHMapClusterController Tests/QTree";
			sourceTree = "<group>";
		};
		48D7B0BC185A679F0071636B /* KPAnnotationTree */ = {
			isa = PBXGroup;
			children = (
				48D7B0BF185A679F0071636B /* KPAnnotationTree.h */,
				48D7B0C0185A679F0071636B /* KPAnnotationTree.m */,
				48D7B0C3185A679F0071636B /* KPTreeNode.h */,
				48D7B0C4185A679F0071636B /* KPTreeNode.m */,
			);
			name = KPAnnotationTree;
			path = "../../CCHMapClusterController Tests/KPAnnotationTree";
			sourceTree = "<group>";
		};
		48D7B0CC185BA3750071636B /* TBQuadTree */ = {
			isa = PBXGroup;
			children = (
				48D7B0CD185BA3750071636B /* TBQuadTree.h */,
				48D7B0CE185BA3750071636B /* TBQuadTree.m */,
			);
			name = TBQuadTree;
			path = "../../CCHMapClusterController Tests/TBQuadTree";
			sourceTree = "<group>";
		};
		62D667761845E0F20046D5D5 = {
			isa = PBXGroup;
			children = (
				62D667C41845F8A40046D5D5 /* CCHMapClusterController */,
				62D667881845E0F20046D5D5 /* CCHMapClusterController Example iOS */,
				62D667A71845E0F20046D5D5 /* CCHMapClusterController Example iOSTests */,
				62D667811845E0F20046D5D5 /* Frameworks */,
				62D667801845E0F20046D5D5 /* Products */,
			);
			sourceTree = "<group>";
		};
		62D667801845E0F20046D5D5 /* Products */ = {
			isa = PBXGroup;
			children = (
				62D6677F1845E0F20046D5D5 /* CCHMapClusterController Example iOS.app */,
				62D667A01845E0F20046D5D5 /* CCHMapClusterController Example iOSTests.xctest */,
			);
			name = Products;
			sourceTree = "<group>";
		};
		62D667811845E0F20046D5D5 /* Frameworks */ = {
			isa = PBXGroup;
			children = (
				62D667B71845F6D70046D5D5 /* MapKit.framework */,
				62D667821845E0F20046D5D5 /* Foundation.framework */,
				62D667841845E0F20046D5D5 /* CoreGraphics.framework */,
				62D667861845E0F20046D5D5 /* UIKit.framework */,
				62D667A11845E0F20046D5D5 /* XCTest.framework */,
			);
			name = Frameworks;
			sourceTree = "<group>";
		};
		62D667881845E0F20046D5D5 /* CCHMapClusterController Example iOS */ = {
			isa = PBXGroup;
			children = (
				48C419A9187306D900AFA345 /* Berlin-Data.json */,
				48C419A71873069D00AFA345 /* USA-HotelMotel.csv */,
				62D667911845E0F20046D5D5 /* AppDelegate.h */,
				62D667921845E0F20046D5D5 /* AppDelegate.m */,
				62D667941845E0F20046D5D5 /* Main.storyboard */,
				62D667971845E0F20046D5D5 /* MapViewController.h */,
				62D667981845E0F20046D5D5 /* MapViewController.m */,
				621834E818A576C5000210AF /* SettingsViewController.h */,
				621834E918A576C5000210AF /* SettingsViewController.m */,
				621834EB18A6AD25000210AF /* Settings.h */,
				621834EC18A6AD25000210AF /* Settings.m */,
				62D71E0F187EB45500E52EE3 /* ClusterAnnotationView.h */,
				62D71E10187EB45500E52EE3 /* ClusterAnnotationView.m */,
				62D667BC1845F76F0046D5D5 /* DataReader.h */,
				62D667BD1845F76F0046D5D5 /* DataReader.m */,
				62D667BE1845F76F0046D5D5 /* DataReaderDelegate.h */,
				62D6679A1845E0F20046D5D5 /* Images.xcassets */,
				6284D0181C288C3F00EFCA2E /* Launch Screen.storyboard */,
				62D667891845E0F20046D5D5 /* Supporting Files */,
			);
			path = "CCHMapClusterController Example iOS";
			sourceTree = "<group>";
		};
		62D667891845E0F20046D5D5 /* Supporting Files */ = {
			isa = PBXGroup;
			children = (
				62D6678A1845E0F20046D5D5 /* CCHMapClusterController Example iOS-Info.plist */,
				62D6678B1845E0F20046D5D5 /* InfoPlist.strings */,
				62D6678E1845E0F20046D5D5 /* main.m */,
				62D667901845E0F20046D5D5 /* CCHMapClusterController Example iOS-Prefix.pch */,
			);
			name = "Supporting Files";
			sourceTree = "<group>";
		};
		62D667A71845E0F20046D5D5 /* CCHMapClusterController Example iOSTests */ = {
			isa = PBXGroup;
			children = (
				6217D6E518BDD97400CDB8C3 /* CCHCenterOfMassMapClustererTests.m */,
				6217D6E618BDD97400CDB8C3 /* CCHFadeInOutMapAnimatorTests.m */,
				6217D6E718BDD97400CDB8C3 /* CCHMapClusterAnnotationTests.m */,
				6217D6E818BDD97400CDB8C3 /* CCHMapClusterControllerPerformanceTests.m */,
				6217D6E918BDD97400CDB8C3 /* CCHMapClusterControllerTests.m */,
				6217D6EA18BDD97400CDB8C3 /* CCHMapClusterControllerUtilsTests.m */,
				6217D6EB18BDD97400CDB8C3 /* CCHMapTreeTests.m */,
				6217D6EC18BDD97400CDB8C3 /* CCHMapViewDelegateProxyTests.m */,
				6217D6ED18BDD97400CDB8C3 /* CCHMapViewDelegateProxyOverlayTests.m */,
				6217D6EE18BDD97400CDB8C3 /* CCHNearCenterMapClustererTests.m */,
				48899949185CE2B000F3D6ED /* QTree */,
				48D7B0CC185BA3750071636B /* TBQuadTree */,
				48D7B0BC185A679F0071636B /* KPAnnotationTree */,
				62D667A81845E0F20046D5D5 /* Supporting Files */,
			);
			path = "CCHMapClusterController Example iOSTests";
			sourceTree = "<group>";
		};
		62D667A81845E0F20046D5D5 /* Supporting Files */ = {
			isa = PBXGroup;
			children = (
				62D667A91845E0F20046D5D5 /* CCHMapClusterController Example iOSTests-Info.plist */,
				62D667AA1845E0F20046D5D5 /* InfoPlist.strings */,
			);
			name = "Supporting Files";
			sourceTree = "<group>";
		};
		62D667C41845F8A40046D5D5 /* CCHMapClusterController */ = {
			isa = PBXGroup;
			children = (
				62D667C51845F8A40046D5D5 /* CCHMapClusterAnnotation.h */,
				62D667C61845F8A40046D5D5 /* CCHMapClusterAnnotation.m */,
				62D667C71845F8A40046D5D5 /* CCHMapClusterController.h */,
				62D667C81845F8A40046D5D5 /* CCHMapClusterController.m */,
				6222E32718BA61290045A528 /* CCHMapClusterControllerDebugPolygon.h */,
				6222E32818BA61290045A528 /* CCHMapClusterControllerDebugPolygon.m */,
				62D667C91845F8A40046D5D5 /* CCHMapClusterControllerDelegate.h */,
				62D667CA1845F8A40046D5D5 /* CCHMapClusterControllerUtils.h */,
				62D667CB1845F8A40046D5D5 /* CCHMapClusterControllerUtils.m */,
				62C49A7618E75033000BC5CD /* CCHMapClusterOperation.h */,
				62C49A7718E75033000BC5CD /* CCHMapClusterOperation.m */,
				4869F180184FC1E700251ADC /* CCHMapClusterer.h */,
				4869F181184FC4CC00251ADC /* CCHNearCenterMapClusterer.h */,
				4869F182184FC4CC00251ADC /* CCHNearCenterMapClusterer.m */,
				4869F184184FD5F000251ADC /* CCHCenterOfMassMapClusterer.h */,
				4869F185184FD5F100251ADC /* CCHCenterOfMassMapClusterer.m */,
				4869F19918536E3000251ADC /* CCHMapAnimator.h */,
				4869F19A18536E6700251ADC /* CCHFadeInOutMapAnimator.h */,
				4869F19B18536E6700251ADC /* CCHFadeInOutMapAnimator.m */,
				62D667CC1845F8A40046D5D5 /* CCHMapViewDelegateProxy.h */,
				62D667CD1845F8A40046D5D5 /* CCHMapViewDelegateProxy.m */,
				4889995B185D1C1300F3D6ED /* CCHMapTree.h */,
				4889995C185D1C1300F3D6ED /* CCHMapTree.m */,
				48899964185E398700F3D6ED /* CCHMapTreeUtils.h */,
				48899965185E398700F3D6ED /* CCHMapTreeUtils.m */,
			);
			name = CCHMapClusterController;
			path = ../CCHMapClusterController;
			sourceTree = "<group>";
		};
/* End PBXGroup section */

/* Begin PBXNativeTarget section */
		62D6677E1845E0F20046D5D5 /* CCHMapClusterController Example iOS */ = {
			isa = PBXNativeTarget;
			buildConfigurationList = 62D667B11845E0F20046D5D5 /* Build configuration list for PBXNativeTarget "CCHMapClusterController Example iOS" */;
			buildPhases = (
				62D6677B1845E0F20046D5D5 /* Sources */,
				62D6677C1845E0F20046D5D5 /* Frameworks */,
				62D6677D1845E0F20046D5D5 /* Resources */,
			);
			buildRules = (
			);
			dependencies = (
			);
			name = "CCHMapClusterController Example iOS";
			productName = "CCHMapClusterController Example iOS";
			productReference = 62D6677F1845E0F20046D5D5 /* CCHMapClusterController Example iOS.app */;
			productType = "com.apple.product-type.application";
		};
		62D6679F1845E0F20046D5D5 /* CCHMapClusterController Example iOSTests */ = {
			isa = PBXNativeTarget;
			buildConfigurationList = 62D667B41845E0F20046D5D5 /* Build configuration list for PBXNativeTarget "CCHMapClusterController Example iOSTests" */;
			buildPhases = (
				62D6679C1845E0F20046D5D5 /* Sources */,
				62D6679D1845E0F20046D5D5 /* Frameworks */,
				62D6679E1845E0F20046D5D5 /* Resources */,
			);
			buildRules = (
			);
			dependencies = (
				62D667A61845E0F20046D5D5 /* PBXTargetDependency */,
			);
			name = "CCHMapClusterController Example iOSTests";
			productName = "CCHMapClusterController Example iOSTests";
			productReference = 62D667A01845E0F20046D5D5 /* CCHMapClusterController Example iOSTests.xctest */;
			productType = "com.apple.product-type.bundle.unit-test";
		};
/* End PBXNativeTarget section */

/* Begin PBXProject section */
		62D667771845E0F20046D5D5 /* Project object */ = {
			isa = PBXProject;
			attributes = {
				LastUpgradeCheck = 0720;
				ORGANIZATIONNAME = "Claus Höfele";
				TargetAttributes = {
					62D6677E1845E0F20046D5D5 = {
						DevelopmentTeam = KN32D96YCR;
					};
					62D6679F1845E0F20046D5D5 = {
						TestTargetID = 62D6677E1845E0F20046D5D5;
					};
				};
			};
			buildConfigurationList = 62D6677A1845E0F20046D5D5 /* Build configuration list for PBXProject "CCHMapClusterController Example iOS" */;
			compatibilityVersion = "Xcode 3.2";
			developmentRegion = English;
			hasScannedForEncodings = 0;
			knownRegions = (
				en,
				Base,
			);
			mainGroup = 62D667761845E0F20046D5D5;
			productRefGroup = 62D667801845E0F20046D5D5 /* Products */;
			projectDirPath = "";
			projectRoot = "";
			targets = (
				62D6677E1845E0F20046D5D5 /* CCHMapClusterController Example iOS */,
				62D6679F1845E0F20046D5D5 /* CCHMapClusterController Example iOSTests */,
			);
		};
/* End PBXProject section */

/* Begin PBXResourcesBuildPhase section */
		62D6677D1845E0F20046D5D5 /* Resources */ = {
			isa = PBXResourcesBuildPhase;
			buildActionMask = 2147483647;
			files = (
				6284D0191C288C3F00EFCA2E /* Launch Screen.storyboard in Resources */,
				48C419A81873069D00AFA345 /* USA-HotelMotel.csv in Resources */,
				62D6679B1845E0F20046D5D5 /* Images.xcassets in Resources */,
				48C419AA187306D900AFA345 /* Berlin-Data.json in Resources */,
				62D6678D1845E0F20046D5D5 /* InfoPlist.strings in Resources */,
				62D667961845E0F20046D5D5 /* Main.storyboard in Resources */,
			);
			runOnlyForDeploymentPostprocessing = 0;
		};
		62D6679E1845E0F20046D5D5 /* Resources */ = {
			isa = PBXResourcesBuildPhase;
			buildActionMask = 2147483647;
			files = (
				62D667AC1845E0F20046D5D5 /* InfoPlist.strings in Resources */,
			);
			runOnlyForDeploymentPostprocessing = 0;
		};
/* End PBXResourcesBuildPhase section */

/* Begin PBXSourcesBuildPhase section */
		62D6677B1845E0F20046D5D5 /* Sources */ = {
			isa = PBXSourcesBuildPhase;
			buildActionMask = 2147483647;
			files = (
				62D71E11187EB45500E52EE3 /* ClusterAnnotationView.m in Sources */,
				48899966185E398700F3D6ED /* CCHMapTreeUtils.m in Sources */,
				62D667991845E0F20046D5D5 /* MapViewController.m in Sources */,
				4869F19D1853AA6300251ADC /* CCHFadeInOutMapAnimator.m in Sources */,
				62D667931845E0F20046D5D5 /* AppDelegate.m in Sources */,
				62D667D41845F8A40046D5D5 /* CCHMapViewDelegateProxy.m in Sources */,
				621834ED18A6AD25000210AF /* Settings.m in Sources */,
				62D667C11845F76F0046D5D5 /* DataReader.m in Sources */,
				62C49A7818E75033000BC5CD /* CCHMapClusterOperation.m in Sources */,
				62D667D21845F8A40046D5D5 /* CCHMapClusterControllerUtils.m in Sources */,
				4869F186184FD5F100251ADC /* CCHCenterOfMassMapClusterer.m in Sources */,
				4889995D185D1C1300F3D6ED /* CCHMapTree.m in Sources */,
				62D667D01845F8A40046D5D5 /* CCHMapClusterController.m in Sources */,
				62D6678F1845E0F20046D5D5 /* main.m in Sources */,
				621834EA18A576C5000210AF /* SettingsViewController.m in Sources */,
				6222E32918BA61290045A528 /* CCHMapClusterControllerDebugPolygon.m in Sources */,
				62D667CE1845F8A40046D5D5 /* CCHMapClusterAnnotation.m in Sources */,
				4869F183184FC4CC00251ADC /* CCHNearCenterMapClusterer.m in Sources */,
			);
			runOnlyForDeploymentPostprocessing = 0;
		};
		62D6679C1845E0F20046D5D5 /* Sources */ = {
			isa = PBXSourcesBuildPhase;
			buildActionMask = 2147483647;
			files = (
				6217D6F418BDD97400CDB8C3 /* CCHMapClusterControllerUtilsTests.m in Sources */,
				48D7B0CF185BA3750071636B /* TBQuadTree.m in Sources */,
				6217D6F818BDD97400CDB8C3 /* CCHNearCenterMapClustererTests.m in Sources */,
				6217D6F718BDD97400CDB8C3 /* CCHMapViewDelegateProxyOverlayTests.m in Sources */,
				6217D6F018BDD97400CDB8C3 /* CCHFadeInOutMapAnimatorTests.m in Sources */,
				6217D6F518BDD97400CDB8C3 /* CCHMapTreeTests.m in Sources */,
				48899957185CE2B000F3D6ED /* QTreeGeometryUtils.m in Sources */,
				6217D6F618BDD97400CDB8C3 /* CCHMapViewDelegateProxyTests.m in Sources */,
				4889995A185D175000F3D6ED /* QCluster.m in Sources */,
				6217D6F218BDD97400CDB8C3 /* CCHMapClusterControllerPerformanceTests.m in Sources */,
				6217D6EF18BDD97400CDB8C3 /* CCHCenterOfMassMapClustererTests.m in Sources */,
				48899956185CE2B000F3D6ED /* QTree.m in Sources */,
				48D7B0CA185A679F0071636B /* KPTreeNode.m in Sources */,
				6217D6F118BDD97400CDB8C3 /* CCHMapClusterAnnotationTests.m in Sources */,
				48D7B0C8185A679F0071636B /* KPAnnotationTree.m in Sources */,
				6217D6F318BDD97400CDB8C3 /* CCHMapClusterControllerTests.m in Sources */,
				48899955185CE2B000F3D6ED /* QNode.m in Sources */,
			);
			runOnlyForDeploymentPostprocessing = 0;
		};
/* End PBXSourcesBuildPhase section */

/* Begin PBXTargetDependency section */
		62D667A61845E0F20046D5D5 /* PBXTargetDependency */ = {
			isa = PBXTargetDependency;
			target = 62D6677E1845E0F20046D5D5 /* CCHMapClusterController Example iOS */;
			targetProxy = 62D667A51845E0F20046D5D5 /* PBXContainerItemProxy */;
		};
/* End PBXTargetDependency section */

/* Begin PBXVariantGroup section */
		62D6678B1845E0F20046D5D5 /* InfoPlist.strings */ = {
			isa = PBXVariantGroup;
			children = (
				62D6678C1845E0F20046D5D5 /* en */,
			);
			name = InfoPlist.strings;
			sourceTree = "<group>";
		};
		62D667941845E0F20046D5D5 /* Main.storyboard */ = {
			isa = PBXVariantGroup;
			children = (
				62D667951845E0F20046D5D5 /* Base */,
			);
			name = Main.storyboard;
			sourceTree = "<group>";
		};
		62D667AA1845E0F20046D5D5 /* InfoPlist.strings */ = {
			isa = PBXVariantGroup;
			children = (
				62D667AB1845E0F20046D5D5 /* en */,
			);
			name = InfoPlist.strings;
			sourceTree = "<group>";
		};
/* End PBXVariantGroup section */

/* Begin XCBuildConfiguration section */
		62D667AF1845E0F20046D5D5 /* Debug */ = {
			isa = XCBuildConfiguration;
			buildSettings = {
				ALWAYS_SEARCH_USER_PATHS = NO;
				CLANG_CXX_LANGUAGE_STANDARD = "gnu++0x";
				CLANG_CXX_LIBRARY = "libc++";
				CLANG_ENABLE_MODULES = YES;
				CLANG_ENABLE_OBJC_ARC = YES;
				CLANG_WARN_BOOL_CONVERSION = YES;
				CLANG_WARN_CONSTANT_CONVERSION = YES;
				CLANG_WARN_DIRECT_OBJC_ISA_USAGE = YES_ERROR;
				CLANG_WARN_DOCUMENTATION_COMMENTS = YES;
				CLANG_WARN_EMPTY_BODY = YES;
				CLANG_WARN_ENUM_CONVERSION = YES;
				CLANG_WARN_INT_CONVERSION = YES;
				CLANG_WARN_OBJC_ROOT_CLASS = YES_ERROR;
				CLANG_WARN__DUPLICATE_METHOD_MATCH = YES;
				"CODE_SIGN_IDENTITY[sdk=iphoneos*]" = "iPhone Developer";
				COPY_PHASE_STRIP = NO;
				ENABLE_TESTABILITY = YES;
				GCC_C_LANGUAGE_STANDARD = gnu99;
				GCC_DYNAMIC_NO_PIC = NO;
				GCC_OPTIMIZATION_LEVEL = 0;
				GCC_PREPROCESSOR_DEFINITIONS = (
					"DEBUG=1",
					"$(inherited)",
				);
				GCC_SYMBOLS_PRIVATE_EXTERN = NO;
				GCC_WARN_64_TO_32_BIT_CONVERSION = YES;
				GCC_WARN_ABOUT_RETURN_TYPE = YES_ERROR;
				GCC_WARN_UNDECLARED_SELECTOR = YES;
				GCC_WARN_UNINITIALIZED_AUTOS = YES;
				GCC_WARN_UNUSED_FUNCTION = YES;
				GCC_WARN_UNUSED_VARIABLE = YES;
				IPHONEOS_DEPLOYMENT_TARGET = 7.0;
				ONLY_ACTIVE_ARCH = YES;
				SDKROOT = iphoneos;
			};
			name = Debug;
		};
		62D667B01845E0F20046D5D5 /* Release */ = {
			isa = XCBuildConfiguration;
			buildSettings = {
				ALWAYS_SEARCH_USER_PATHS = NO;
				CLANG_CXX_LANGUAGE_STANDARD = "gnu++0x";
				CLANG_CXX_LIBRARY = "libc++";
				CLANG_ENABLE_MODULES = YES;
				CLANG_ENABLE_OBJC_ARC = YES;
				CLANG_WARN_BOOL_CONVERSION = YES;
				CLANG_WARN_CONSTANT_CONVERSION = YES;
				CLANG_WARN_DIRECT_OBJC_ISA_USAGE = YES_ERROR;
				CLANG_WARN_DOCUMENTATION_COMMENTS = YES;
				CLANG_WARN_EMPTY_BODY = YES;
				CLANG_WARN_ENUM_CONVERSION = YES;
				CLANG_WARN_INT_CONVERSION = YES;
				CLANG_WARN_OBJC_ROOT_CLASS = YES_ERROR;
				CLANG_WARN__DUPLICATE_METHOD_MATCH = YES;
				"CODE_SIGN_IDENTITY[sdk=iphoneos*]" = "iPhone Developer";
				COPY_PHASE_STRIP = YES;
				ENABLE_NS_ASSERTIONS = NO;
				GCC_C_LANGUAGE_STANDARD = gnu99;
				GCC_WARN_64_TO_32_BIT_CONVERSION = YES;
				GCC_WARN_ABOUT_RETURN_TYPE = YES_ERROR;
				GCC_WARN_UNDECLARED_SELECTOR = YES;
				GCC_WARN_UNINITIALIZED_AUTOS = YES;
				GCC_WARN_UNUSED_FUNCTION = YES;
				GCC_WARN_UNUSED_VARIABLE = YES;
				IPHONEOS_DEPLOYMENT_TARGET = 7.0;
				SDKROOT = iphoneos;
				VALIDATE_PRODUCT = YES;
			};
			name = Release;
		};
		62D667B21845E0F20046D5D5 /* Debug */ = {
			isa = XCBuildConfiguration;
			buildSettings = {
				ASSETCATALOG_COMPILER_APPICON_NAME = AppIcon;
				ASSETCATALOG_COMPILER_LAUNCHIMAGE_NAME = LaunchImage;
				CODE_SIGN_IDENTITY = "iPhone Developer";
				"CODE_SIGN_IDENTITY[sdk=iphoneos*]" = "iPhone Developer";
				GCC_PRECOMPILE_PREFIX_HEADER = YES;
				GCC_PREFIX_HEADER = "CCHMapClusterController Example iOS/CCHMapClusterController Example iOS-Prefix.pch";
				INFOPLIST_FILE = "CCHMapClusterController Example iOS/CCHMapClusterController Example iOS-Info.plist";
				PRODUCT_BUNDLE_IDENTIFIER = "com.claushoefele.${PRODUCT_NAME:rfc1034identifier}";
				PRODUCT_NAME = "$(TARGET_NAME)";
				PROVISIONING_PROFILE = "";
				WRAPPER_EXTENSION = app;
			};
			name = Debug;
		};
		62D667B31845E0F20046D5D5 /* Release */ = {
			isa = XCBuildConfiguration;
			buildSettings = {
				ASSETCATALOG_COMPILER_APPICON_NAME = AppIcon;
				ASSETCATALOG_COMPILER_LAUNCHIMAGE_NAME = LaunchImage;
				CODE_SIGN_IDENTITY = "iPhone Developer";
				"CODE_SIGN_IDENTITY[sdk=iphoneos*]" = "iPhone Developer";
				GCC_PRECOMPILE_PREFIX_HEADER = YES;
				GCC_PREFIX_HEADER = "CCHMapClusterController Example iOS/CCHMapClusterController Example iOS-Prefix.pch";
				GCC_SYMBOLS_PRIVATE_EXTERN = NO;
				INFOPLIST_FILE = "CCHMapClusterController Example iOS/CCHMapClusterController Example iOS-Info.plist";
				PRODUCT_BUNDLE_IDENTIFIER = "com.claushoefele.${PRODUCT_NAME:rfc1034identifier}";
				PRODUCT_NAME = "$(TARGET_NAME)";
				PROVISIONING_PROFILE = "";
				WRAPPER_EXTENSION = app;
			};
			name = Release;
		};
		62D667B51845E0F20046D5D5 /* Debug */ = {
			isa = XCBuildConfiguration;
			buildSettings = {
				BUNDLE_LOADER = "$(BUILT_PRODUCTS_DIR)/CCHMapClusterController Example iOS.app/CCHMapClusterController Example iOS";
				GCC_PRECOMPILE_PREFIX_HEADER = YES;
				GCC_PREFIX_HEADER = "CCHMapClusterController Example iOS/CCHMapClusterController Example iOS-Prefix.pch";
				GCC_PREPROCESSOR_DEFINITIONS = (
					"DEBUG=1",
					"$(inherited)",
				);
				INFOPLIST_FILE = "CCHMapClusterController Example iOSTests/CCHMapClusterController Example iOSTests-Info.plist";
				PRODUCT_BUNDLE_IDENTIFIER = "com.claushoefele.${PRODUCT_NAME:rfc1034identifier}";
				PRODUCT_NAME = "$(TARGET_NAME)";
				TEST_HOST = "$(BUNDLE_LOADER)";
				WRAPPER_EXTENSION = xctest;
			};
			name = Debug;
		};
		62D667B61845E0F20046D5D5 /* Release */ = {
			isa = XCBuildConfiguration;
			buildSettings = {
				BUNDLE_LOADER = "$(BUILT_PRODUCTS_DIR)/CCHMapClusterController Example iOS.app/CCHMapClusterController Example iOS";
				GCC_PRECOMPILE_PREFIX_HEADER = YES;
				GCC_PREFIX_HEADER = "CCHMapClusterController Example iOS/CCHMapClusterController Example iOS-Prefix.pch";
				INFOPLIST_FILE = "CCHMapClusterController Example iOSTests/CCHMapClusterController Example iOSTests-Info.plist";
				PRODUCT_BUNDLE_IDENTIFIER = "com.claushoefele.${PRODUCT_NAME:rfc1034identifier}";
				PRODUCT_NAME = "$(TARGET_NAME)";
				TEST_HOST = "$(BUNDLE_LOADER)";
				WRAPPER_EXTENSION = xctest;
			};
			name = Release;
		};
/* End XCBuildConfiguration section */

/* Begin XCConfigurationList section */
		62D6677A1845E0F20046D5D5 /* Build configuration list for PBXProject "CCHMapClusterController Example iOS" */ = {
			isa = XCConfigurationList;
			buildConfigurations = (
				62D667AF1845E0F20046D5D5 /* Debug */,
				62D667B01845E0F20046D5D5 /* Release */,
			);
			defaultConfigurationIsVisible = 0;
			defaultConfigurationName = Release;
		};
		62D667B11845E0F20046D5D5 /* Build configuration list for PBXNativeTarget "CCHMapClusterController Example iOS" */ = {
			isa = XCConfigurationList;
			buildConfigurations = (
				62D667B21845E0F20046D5D5 /* Debug */,
				62D667B31845E0F20046D5D5 /* Release */,
			);
			defaultConfigurationIsVisible = 0;
			defaultConfigurationName = Release;
		};
		62D667B41845E0F20046D5D5 /* Build configuration list for PBXNativeTarget "CCHMapClusterController Example iOSTests" */ = {
			isa = XCConfigurationList;
			buildConfigurations = (
				62D667B51845E0F20046D5D5 /* Debug */,
				62D667B61845E0F20046D5D5 /* Release */,
			);
			defaultConfigurationIsVisible = 0;
			defaultConfigurationName = Release;
		};
/* End XCConfigurationList section */
	};
	rootObject = 62D667771845E0F20046D5D5 /* Project object */;
}
